
Microsoft Visual Studio Solution File, Format Version 12.00
# Visual Studio 15
VisualStudioVersion = 15.0.27004.2010
MinimumVisualStudioVersion = 10.0.40219.1
Project("{888888A0-9F3D-457C-B088-3A5042F75D52}") = "MimiPythonApplication1", "MimiPythonApplication1\MimiPythonApplication1.pyproj", "{D25A541D-A695-447A-A427-FD1463CBEA78}"
EndProject
Global
	GlobalSection(SolutionConfigurationPlatforms) = preSolution
		Debug|Any CPU = Debug|Any CPU
		Release|Any CPU = Release|Any CPU
	EndGlobalSection
	GlobalSection(ProjectConfigurationPlatforms) = postSolution
		{D25A541D-A695-447A-A427-FD1463CBEA78}.Debug|Any CPU.ActiveCfg = Debug|Any CPU
		{D25A541D-A695-447A-A427-FD1463CBEA78}.Release|Any CPU.ActiveCfg = Release|Any CPU
	EndGlobalSection
	GlobalSection(SolutionProperties) = preSolution
		HideSolutionNode = FALSE
	EndGlobalSection
	GlobalSection(ExtensibilityGlobals) = postSolution
		SolutionGuid = {49E82323-D081-4C17-8C07-A813D56F56B2}
	EndGlobalSection
EndGlobal
